
Microsoft Visual Studio Solution File, Format Version 12.00
# Visual Studio Version 17
VisualStudioVersion = 17.0.32014.148
MinimumVisualStudioVersion = 10.0.40219.1
Project("{FAE04EC0-301F-11D3-BF4B-00C04F79EFBC}") = "Delegates_Events", "Delegates_Events.csproj", "{1A0C6EBD-C39B-492E-BB84-92511738766A}"
EndProject
Global
	GlobalSection(SolutionConfigurationPlatforms) = preSolution
		Debug|Any CPU = Debug|Any CPU
		Release|Any CPU = Release|Any CPU
	EndGlobalSection
	GlobalSection(ProjectConfigurationPlatforms) = postSolution
		{1A0C6EBD-C39B-492E-BB84-92511738766A}.Debug|Any CPU.ActiveCfg = Debug|Any CPU
		{1A0C6EBD-C39B-492E-BB84-92511738766A}.Debug|Any CPU.Build.0 = Debug|Any CPU
		{1A0C6EBD-C39B-492E-BB84-92511738766A}.Release|Any CPU.ActiveCfg = Release|Any CPU
		{1A0C6EBD-C39B-492E-BB84-92511738766A}.Release|Any CPU.Build.0 = Release|Any CPU
	EndGlobalSection
	GlobalSection(SolutionProperties) = preSolution
		HideSolutionNode = FALSE
	EndGlobalSection
	GlobalSection(ExtensibilityGlobals) = postSolution
		SolutionGuid = {7DFA4C26-166F-4381-BF2E-92A3C64F12B2}
	EndGlobalSection
EndGlobal
